
Microsoft Visual Studio Solution File, Format Version 12.00
# Visual Studio Version 17
VisualStudioVersion = 17.8.34330.188
MinimumVisualStudioVersion = 10.0.40219.1
Project("{FAE04EC0-301F-11D3-BF4B-00C04F79EFBC}") = "aa", "aa\aa.csproj", "{E29A8E99-81D4-4D17-A2F3-84C0402F73E8}"
EndProject
Global
	GlobalSection(SolutionConfigurationPlatforms) = preSolution
		Debug|Any CPU = Debug|Any CPU
		Release|Any CPU = Release|Any CPU
	EndGlobalSection
	GlobalSection(ProjectConfigurationPlatforms) = postSolution
		{E29A8E99-81D4-4D17-A2F3-84C0402F73E8}.Debug|Any CPU.ActiveCfg = Debug|Any CPU
		{E29A8E99-81D4-4D17-A2F3-84C0402F73E8}.Debug|Any CPU.Build.0 = Debug|Any CPU
		{E29A8E99-81D4-4D17-A2F3-84C0402F73E8}.Release|Any CPU.ActiveCfg = Release|Any CPU
		{E29A8E99-81D4-4D17-A2F3-84C0402F73E8}.Release|Any CPU.Build.0 = Release|Any CPU
	EndGlobalSection
	GlobalSection(SolutionProperties) = preSolution
		HideSolutionNode = FALSE
	EndGlobalSection
	GlobalSection(ExtensibilityGlobals) = postSolution
		SolutionGuid = {554D9958-A618-4D3B-A929-46952B4EB18A}
	EndGlobalSection
EndGlobal
